
Microsoft Visual Studio Solution File, Format Version 12.00
# Visual Studio 14
VisualStudioVersion = 14.0.25420.1
MinimumVisualStudioVersion = 10.0.40219.1
Project("{FAE04EC0-301F-11D3-BF4B-00C04F79EFBC}") = "MVCAvis", "MVCAvis\MVCAvis.csproj", "{46E061C5-CC4A-46D0-991B-3E7910FC98C5}"
	ProjectSection(ProjectDependencies) = postProject
		{53BC956F-854D-4AC9-8210-D69179948800} = {53BC956F-854D-4AC9-8210-D69179948800}
	EndProjectSection
EndProject
Project("{FAE04EC0-301F-11D3-BF4B-00C04F79EFBC}") = "WCF_AVIS", "WCF_AVIS\WCF_AVIS\WCF_AVIS.csproj", "{53BC956F-854D-4AC9-8210-D69179948800}"
EndProject
Project("{FAE04EC0-301F-11D3-BF4B-00C04F79EFBC}") = "UnitTestAVIS", "UnitTestAVIS\UnitTestAVIS.csproj", "{39BCD2A2-26F3-45B5-87F8-3156360B2A1B}"
EndProject
Global
	GlobalSection(SolutionConfigurationPlatforms) = preSolution
		Debug|Any CPU = Debug|Any CPU
		Release|Any CPU = Release|Any CPU
	EndGlobalSection
	GlobalSection(ProjectConfigurationPlatforms) = postSolution
		{46E061C5-CC4A-46D0-991B-3E7910FC98C5}.Debug|Any CPU.ActiveCfg = Debug|Any CPU
		{46E061C5-CC4A-46D0-991B-3E7910FC98C5}.Debug|Any CPU.Build.0 = Debug|Any CPU
		{46E061C5-CC4A-46D0-991B-3E7910FC98C5}.Release|Any CPU.ActiveCfg = Release|Any CPU
		{46E061C5-CC4A-46D0-991B-3E7910FC98C5}.Release|Any CPU.Build.0 = Release|Any CPU
		{53BC956F-854D-4AC9-8210-D69179948800}.Debug|Any CPU.ActiveCfg = Debug|Any CPU
		{53BC956F-854D-4AC9-8210-D69179948800}.Debug|Any CPU.Build.0 = Debug|Any CPU
		{53BC956F-854D-4AC9-8210-D69179948800}.Release|Any CPU.ActiveCfg = Release|Any CPU
		{53BC956F-854D-4AC9-8210-D69179948800}.Release|Any CPU.Build.0 = Release|Any CPU
		{39BCD2A2-26F3-45B5-87F8-3156360B2A1B}.Debug|Any CPU.ActiveCfg = Debug|Any CPU
		{39BCD2A2-26F3-45B5-87F8-3156360B2A1B}.Debug|Any CPU.Build.0 = Debug|Any CPU
		{39BCD2A2-26F3-45B5-87F8-3156360B2A1B}.Release|Any CPU.ActiveCfg = Release|Any CPU
		{39BCD2A2-26F3-45B5-87F8-3156360B2A1B}.Release|Any CPU.Build.0 = Release|Any CPU
	EndGlobalSection
	GlobalSection(SolutionProperties) = preSolution
		HideSolutionNode = FALSE
	EndGlobalSection
EndGlobal
